
Microsoft Visual Studio Solution File, Format Version 12.00
# Visual Studio Version 17
VisualStudioVersion = 17.9.34616.47
MinimumVisualStudioVersion = 10.0.40219.1
Project("{9A19103F-16F7-4668-BE54-9A1E7A4F7556}") = "BankingSystem.API", "BankingSystem.API\BankingSystem.API.csproj", "{EC8B0201-E695-4425-BAFC-46643B01ECF9}"
EndProject
Project("{9A19103F-16F7-4668-BE54-9A1E7A4F7556}") = "BankingSystem.Test", "BankingSystem.Test\BankingSystem.Test.csproj", "{25EA2E31-CB7D-4CBA-B6A3-8BB7E5A5391D}"
EndProject
Global
	GlobalSection(SolutionConfigurationPlatforms) = preSolution
		Debug|Any CPU = Debug|Any CPU
		Release|Any CPU = Release|Any CPU
	EndGlobalSection
	GlobalSection(ProjectConfigurationPlatforms) = postSolution
		{EC8B0201-E695-4425-BAFC-46643B01ECF9}.Debug|Any CPU.ActiveCfg = Debug|Any CPU
		{EC8B0201-E695-4425-BAFC-46643B01ECF9}.Debug|Any CPU.Build.0 = Debug|Any CPU
		{EC8B0201-E695-4425-BAFC-46643B01ECF9}.Release|Any CPU.ActiveCfg = Release|Any CPU
		{EC8B0201-E695-4425-BAFC-46643B01ECF9}.Release|Any CPU.Build.0 = Release|Any CPU
		{25EA2E31-CB7D-4CBA-B6A3-8BB7E5A5391D}.Debug|Any CPU.ActiveCfg = Debug|Any CPU
		{25EA2E31-CB7D-4CBA-B6A3-8BB7E5A5391D}.Debug|Any CPU.Build.0 = Debug|Any CPU
		{25EA2E31-CB7D-4CBA-B6A3-8BB7E5A5391D}.Release|Any CPU.ActiveCfg = Release|Any CPU
		{25EA2E31-CB7D-4CBA-B6A3-8BB7E5A5391D}.Release|Any CPU.Build.0 = Release|Any CPU
	EndGlobalSection
	GlobalSection(SolutionProperties) = preSolution
		HideSolutionNode = FALSE
	EndGlobalSection
	GlobalSection(ExtensibilityGlobals) = postSolution
		SolutionGuid = {8E80A117-CE30-49B7-9F80-F53201CF9E86}
	EndGlobalSection
EndGlobal
